
Microsoft Visual Studio Solution File, Format Version 12.00
# Visual Studio 14
VisualStudioVersion = 14.0.25420.1
MinimumVisualStudioVersion = 10.0.40219.1
Project("{FAE04EC0-301F-11D3-BF4B-00C04F79EFBC}") = "Calculator", "Calculator\Calculator.csproj", "{BE5488E9-321C-4005-B78D-071F288EA2AB}"
EndProject
Project("{FAE04EC0-301F-11D3-BF4B-00C04F79EFBC}") = "CalculatorUnitTests", "CalculatorUnitTests\CalculatorUnitTests.csproj", "{712A9E12-3DAC-44AD-AA00-CEBC938E9A90}"
EndProject
Global
	GlobalSection(SolutionConfigurationPlatforms) = preSolution
		Debug|Any CPU = Debug|Any CPU
		Release|Any CPU = Release|Any CPU
	EndGlobalSection
	GlobalSection(ProjectConfigurationPlatforms) = postSolution
		{BE5488E9-321C-4005-B78D-071F288EA2AB}.Debug|Any CPU.ActiveCfg = Debug|Any CPU
		{BE5488E9-321C-4005-B78D-071F288EA2AB}.Debug|Any CPU.Build.0 = Debug|Any CPU
		{BE5488E9-321C-4005-B78D-071F288EA2AB}.Release|Any CPU.ActiveCfg = Release|Any CPU
		{BE5488E9-321C-4005-B78D-071F288EA2AB}.Release|Any CPU.Build.0 = Release|Any CPU
		{712A9E12-3DAC-44AD-AA00-CEBC938E9A90}.Debug|Any CPU.ActiveCfg = Debug|Any CPU
		{712A9E12-3DAC-44AD-AA00-CEBC938E9A90}.Debug|Any CPU.Build.0 = Debug|Any CPU
		{712A9E12-3DAC-44AD-AA00-CEBC938E9A90}.Release|Any CPU.ActiveCfg = Release|Any CPU
		{712A9E12-3DAC-44AD-AA00-CEBC938E9A90}.Release|Any CPU.Build.0 = Release|Any CPU
	EndGlobalSection
	GlobalSection(SolutionProperties) = preSolution
		HideSolutionNode = FALSE
	EndGlobalSection
EndGlobal
